
Microsoft Visual Studio Solution File, Format Version 12.00
# Visual Studio Version 17
VisualStudioVersion = 17.12.35506.116 d17.12
MinimumVisualStudioVersion = 10.0.40219.1
Project("{2150E333-8FDC-42A3-9474-1A3956D46DE8}") = "src", "src", "{DB61EB55-6295-4F56-AE6F-A256A8E6FF3C}"
EndProject
Project("{2150E333-8FDC-42A3-9474-1A3956D46DE8}") = "tests", "tests", "{B0F3D0A3-FD93-4D6C-A8E5-ED7A4B98AD40}"
EndProject
Project("{2150E333-8FDC-42A3-9474-1A3956D46DE8}") = "Framework", "Framework", "{EE393D67-ABCE-43EA-B51C-BC822807F264}"
EndProject
Project("{2150E333-8FDC-42A3-9474-1A3956D46DE8}") = "Host", "Host", "{97C0C823-DB3A-431E-A84D-5E7ECA977F1B}"
EndProject
Project("{2150E333-8FDC-42A3-9474-1A3956D46DE8}") = "Modules", "Modules", "{FB2CA50C-BC31-4E36-9CA4-A47A23D9DE38}"
EndProject
Project("{FAE04EC0-301F-11D3-BF4B-00C04F79EFBC}") = "CourseStore.Framework", "src\Framework\CourseStore.Framework\CourseStore.Framework.csproj", "{8673BC8B-349B-4E3C-8B80-8F43AF1945B2}"
EndProject
Project("{FAE04EC0-301F-11D3-BF4B-00C04F79EFBC}") = "CourseStore.Host", "src\Host\CourseStore.Host\CourseStore.Host.csproj", "{19F3426F-D88D-484B-990B-D6313DF4F505}"
EndProject
Project("{2150E333-8FDC-42A3-9474-1A3956D46DE8}") = "Students", "Students", "{93F9230E-2478-4161-A606-4173C660B398}"
EndProject
Project("{2150E333-8FDC-42A3-9474-1A3956D46DE8}") = "Courses", "Courses", "{35A0A8F7-C45D-483D-A6C8-6BE31907A374}"
EndProject
Project("{2150E333-8FDC-42A3-9474-1A3956D46DE8}") = "OrderManagement", "OrderManagement", "{3D0505AC-3767-4EE4-9DFD-A1DF10348912}"
EndProject
Project("{FAE04EC0-301F-11D3-BF4B-00C04F79EFBC}") = "CourseStore.Modules.Courses", "src\Modules\Courses\CourseStore.Modules.Courses\CourseStore.Modules.Courses.csproj", "{D967217B-9C00-4475-869A-CCDC124DFFA2}"
EndProject
Project("{FAE04EC0-301F-11D3-BF4B-00C04F79EFBC}") = "CourseStore.Modules.OrderManagement", "src\Modules\OrderManagement\CourseStore.Moduels.OrderManagement\CourseStore.Modules.OrderManagement.csproj", "{CECB12B8-75E1-470F-BCB1-206E8AB0745A}"
EndProject
Project("{FAE04EC0-301F-11D3-BF4B-00C04F79EFBC}") = "CourseStore.Modules.Students", "src\Modules\Students\CourseStore.Modules.Students\CourseStore.Modules.Students.csproj", "{366515EB-99C7-4684-B220-BE8948BD925B}"
EndProject
Global
	GlobalSection(SolutionConfigurationPlatforms) = preSolution
		Debug|Any CPU = Debug|Any CPU
		Release|Any CPU = Release|Any CPU
	EndGlobalSection
	GlobalSection(ProjectConfigurationPlatforms) = postSolution
		{8673BC8B-349B-4E3C-8B80-8F43AF1945B2}.Debug|Any CPU.ActiveCfg = Debug|Any CPU
		{8673BC8B-349B-4E3C-8B80-8F43AF1945B2}.Debug|Any CPU.Build.0 = Debug|Any CPU
		{8673BC8B-349B-4E3C-8B80-8F43AF1945B2}.Release|Any CPU.ActiveCfg = Release|Any CPU
		{8673BC8B-349B-4E3C-8B80-8F43AF1945B2}.Release|Any CPU.Build.0 = Release|Any CPU
		{19F3426F-D88D-484B-990B-D6313DF4F505}.Debug|Any CPU.ActiveCfg = Debug|Any CPU
		{19F3426F-D88D-484B-990B-D6313DF4F505}.Debug|Any CPU.Build.0 = Debug|Any CPU
		{19F3426F-D88D-484B-990B-D6313DF4F505}.Release|Any CPU.ActiveCfg = Release|Any CPU
		{19F3426F-D88D-484B-990B-D6313DF4F505}.Release|Any CPU.Build.0 = Release|Any CPU
		{D967217B-9C00-4475-869A-CCDC124DFFA2}.Debug|Any CPU.ActiveCfg = Debug|Any CPU
		{D967217B-9C00-4475-869A-CCDC124DFFA2}.Debug|Any CPU.Build.0 = Debug|Any CPU
		{D967217B-9C00-4475-869A-CCDC124DFFA2}.Release|Any CPU.ActiveCfg = Release|Any CPU
		{D967217B-9C00-4475-869A-CCDC124DFFA2}.Release|Any CPU.Build.0 = Release|Any CPU
		{CECB12B8-75E1-470F-BCB1-206E8AB0745A}.Debug|Any CPU.ActiveCfg = Debug|Any CPU
		{CECB12B8-75E1-470F-BCB1-206E8AB0745A}.Debug|Any CPU.Build.0 = Debug|Any CPU
		{CECB12B8-75E1-470F-BCB1-206E8AB0745A}.Release|Any CPU.ActiveCfg = Release|Any CPU
		{CECB12B8-75E1-470F-BCB1-206E8AB0745A}.Release|Any CPU.Build.0 = Release|Any CPU
		{366515EB-99C7-4684-B220-BE8948BD925B}.Debug|Any CPU.ActiveCfg = Debug|Any CPU
		{366515EB-99C7-4684-B220-BE8948BD925B}.Debug|Any CPU.Build.0 = Debug|Any CPU
		{366515EB-99C7-4684-B220-BE8948BD925B}.Release|Any CPU.ActiveCfg = Release|Any CPU
		{366515EB-99C7-4684-B220-BE8948BD925B}.Release|Any CPU.Build.0 = Release|Any CPU
	EndGlobalSection
	GlobalSection(SolutionProperties) = preSolution
		HideSolutionNode = FALSE
	EndGlobalSection
	GlobalSection(NestedProjects) = preSolution
		{EE393D67-ABCE-43EA-B51C-BC822807F264} = {DB61EB55-6295-4F56-AE6F-A256A8E6FF3C}
		{97C0C823-DB3A-431E-A84D-5E7ECA977F1B} = {DB61EB55-6295-4F56-AE6F-A256A8E6FF3C}
		{FB2CA50C-BC31-4E36-9CA4-A47A23D9DE38} = {DB61EB55-6295-4F56-AE6F-A256A8E6FF3C}
		{8673BC8B-349B-4E3C-8B80-8F43AF1945B2} = {EE393D67-ABCE-43EA-B51C-BC822807F264}
		{19F3426F-D88D-484B-990B-D6313DF4F505} = {97C0C823-DB3A-431E-A84D-5E7ECA977F1B}
		{93F9230E-2478-4161-A606-4173C660B398} = {FB2CA50C-BC31-4E36-9CA4-A47A23D9DE38}
		{35A0A8F7-C45D-483D-A6C8-6BE31907A374} = {FB2CA50C-BC31-4E36-9CA4-A47A23D9DE38}
		{3D0505AC-3767-4EE4-9DFD-A1DF10348912} = {FB2CA50C-BC31-4E36-9CA4-A47A23D9DE38}
		{D967217B-9C00-4475-869A-CCDC124DFFA2} = {35A0A8F7-C45D-483D-A6C8-6BE31907A374}
		{CECB12B8-75E1-470F-BCB1-206E8AB0745A} = {3D0505AC-3767-4EE4-9DFD-A1DF10348912}
		{366515EB-99C7-4684-B220-BE8948BD925B} = {93F9230E-2478-4161-A606-4173C660B398}
	EndGlobalSection
EndGlobal
