
Microsoft Visual Studio Solution File, Format Version 12.00
# Visual Studio Version 17
VisualStudioVersion = 17.11.35312.102
MinimumVisualStudioVersion = 10.0.40219.1
Project("{2150E333-8FDC-42A3-9474-1A3956D46DE8}") = "src", "src", "{F03DBB0F-90C2-40D1-BF0A-36D5011B6570}"
EndProject
Project("{2150E333-8FDC-42A3-9474-1A3956D46DE8}") = "tests", "tests", "{C4541EC1-19F9-429B-9A46-5B503E7197C3}"
EndProject
Project("{2150E333-8FDC-42A3-9474-1A3956D46DE8}") = "1.Core", "1.Core", "{5581F97D-1660-4AB0-BFB2-2999330C408D}"
EndProject
Project("{FAE04EC0-301F-11D3-BF4B-00C04F79EFBC}") = "HouseRent.Core.Domain", "src\1.Core\HouseRent3.Core.Domain\HouseRent.Core.Domain.csproj", "{4BC12011-7313-4A76-9DA7-FC20A48B0E14}"
EndProject
Project("{FAE04EC0-301F-11D3-BF4B-00C04F79EFBC}") = "HouseRent.Core.ApplicationServices", "src\1.Core\HouseRent.Core.ApplicationServices\HouseRent.Core.ApplicationServices.csproj", "{813B86A5-5BA5-4282-A030-76DE9355B2EE}"
EndProject
Project("{2150E333-8FDC-42A3-9474-1A3956D46DE8}") = "2.Infrastrucutres", "2.Infrastrucutres", "{FD07616B-E0AD-40ED-9348-D43B2A38C10A}"
EndProject
Project("{FAE04EC0-301F-11D3-BF4B-00C04F79EFBC}") = "HouseRent.Infra.SimpleEmail", "HouseRent.Infra.SimpleEmail\HouseRent.Infra.SimpleEmail.csproj", "{0A24B0CE-C346-4392-A254-A9726E96FF39}"
EndProject
Project("{FAE04EC0-301F-11D3-BF4B-00C04F79EFBC}") = "HouseRent.Infra.Data.Sql.Command", "HouseRent.Infra.Data.Sql.Command\HouseRent.Infra.Data.Sql.Command.csproj", "{C7BDE00F-53B4-4FB0-9BE2-9CC7DA2139A9}"
EndProject
Project("{FAE04EC0-301F-11D3-BF4B-00C04F79EFBC}") = "HouseRent.Infra.SimpleDateTime", "HouseRent.Infra.SimpleDateTime\HouseRent.Infra.SimpleDateTime.csproj", "{EF834924-44B9-4C0F-A42C-CC883F7AEB30}"
EndProject
Project("{FAE04EC0-301F-11D3-BF4B-00C04F79EFBC}") = "HouseRent.Infra.SnowflakeIdGenerators", "HouseRent.Infra.SnowflakeIdGenerators\HouseRent.Infra.SnowflakeIdGenerators.csproj", "{E109540E-79E5-4B2F-97C7-CC86AED2D267}"
EndProject
Global
	GlobalSection(SolutionConfigurationPlatforms) = preSolution
		Debug|Any CPU = Debug|Any CPU
		Release|Any CPU = Release|Any CPU
	EndGlobalSection
	GlobalSection(ProjectConfigurationPlatforms) = postSolution
		{4BC12011-7313-4A76-9DA7-FC20A48B0E14}.Debug|Any CPU.ActiveCfg = Debug|Any CPU
		{4BC12011-7313-4A76-9DA7-FC20A48B0E14}.Debug|Any CPU.Build.0 = Debug|Any CPU
		{4BC12011-7313-4A76-9DA7-FC20A48B0E14}.Release|Any CPU.ActiveCfg = Release|Any CPU
		{4BC12011-7313-4A76-9DA7-FC20A48B0E14}.Release|Any CPU.Build.0 = Release|Any CPU
		{813B86A5-5BA5-4282-A030-76DE9355B2EE}.Debug|Any CPU.ActiveCfg = Debug|Any CPU
		{813B86A5-5BA5-4282-A030-76DE9355B2EE}.Debug|Any CPU.Build.0 = Debug|Any CPU
		{813B86A5-5BA5-4282-A030-76DE9355B2EE}.Release|Any CPU.ActiveCfg = Release|Any CPU
		{813B86A5-5BA5-4282-A030-76DE9355B2EE}.Release|Any CPU.Build.0 = Release|Any CPU
		{0A24B0CE-C346-4392-A254-A9726E96FF39}.Debug|Any CPU.ActiveCfg = Debug|Any CPU
		{0A24B0CE-C346-4392-A254-A9726E96FF39}.Debug|Any CPU.Build.0 = Debug|Any CPU
		{0A24B0CE-C346-4392-A254-A9726E96FF39}.Release|Any CPU.ActiveCfg = Release|Any CPU
		{0A24B0CE-C346-4392-A254-A9726E96FF39}.Release|Any CPU.Build.0 = Release|Any CPU
		{C7BDE00F-53B4-4FB0-9BE2-9CC7DA2139A9}.Debug|Any CPU.ActiveCfg = Debug|Any CPU
		{C7BDE00F-53B4-4FB0-9BE2-9CC7DA2139A9}.Debug|Any CPU.Build.0 = Debug|Any CPU
		{C7BDE00F-53B4-4FB0-9BE2-9CC7DA2139A9}.Release|Any CPU.ActiveCfg = Release|Any CPU
		{C7BDE00F-53B4-4FB0-9BE2-9CC7DA2139A9}.Release|Any CPU.Build.0 = Release|Any CPU
		{EF834924-44B9-4C0F-A42C-CC883F7AEB30}.Debug|Any CPU.ActiveCfg = Debug|Any CPU
		{EF834924-44B9-4C0F-A42C-CC883F7AEB30}.Debug|Any CPU.Build.0 = Debug|Any CPU
		{EF834924-44B9-4C0F-A42C-CC883F7AEB30}.Release|Any CPU.ActiveCfg = Release|Any CPU
		{EF834924-44B9-4C0F-A42C-CC883F7AEB30}.Release|Any CPU.Build.0 = Release|Any CPU
		{E109540E-79E5-4B2F-97C7-CC86AED2D267}.Debug|Any CPU.ActiveCfg = Debug|Any CPU
		{E109540E-79E5-4B2F-97C7-CC86AED2D267}.Debug|Any CPU.Build.0 = Debug|Any CPU
		{E109540E-79E5-4B2F-97C7-CC86AED2D267}.Release|Any CPU.ActiveCfg = Release|Any CPU
		{E109540E-79E5-4B2F-97C7-CC86AED2D267}.Release|Any CPU.Build.0 = Release|Any CPU
	EndGlobalSection
	GlobalSection(SolutionProperties) = preSolution
		HideSolutionNode = FALSE
	EndGlobalSection
	GlobalSection(NestedProjects) = preSolution
		{5581F97D-1660-4AB0-BFB2-2999330C408D} = {F03DBB0F-90C2-40D1-BF0A-36D5011B6570}
		{4BC12011-7313-4A76-9DA7-FC20A48B0E14} = {5581F97D-1660-4AB0-BFB2-2999330C408D}
		{813B86A5-5BA5-4282-A030-76DE9355B2EE} = {5581F97D-1660-4AB0-BFB2-2999330C408D}
		{FD07616B-E0AD-40ED-9348-D43B2A38C10A} = {F03DBB0F-90C2-40D1-BF0A-36D5011B6570}
		{0A24B0CE-C346-4392-A254-A9726E96FF39} = {FD07616B-E0AD-40ED-9348-D43B2A38C10A}
		{C7BDE00F-53B4-4FB0-9BE2-9CC7DA2139A9} = {FD07616B-E0AD-40ED-9348-D43B2A38C10A}
		{EF834924-44B9-4C0F-A42C-CC883F7AEB30} = {FD07616B-E0AD-40ED-9348-D43B2A38C10A}
		{E109540E-79E5-4B2F-97C7-CC86AED2D267} = {FD07616B-E0AD-40ED-9348-D43B2A38C10A}
	EndGlobalSection
	GlobalSection(ExtensibilityGlobals) = postSolution
		SolutionGuid = {4EF5EEBE-1E5A-47B2-96F3-CA59C857CCB8}
	EndGlobalSection
EndGlobal
